{
  "version": 4,
  "terraform_version": "1.1.7",
  "serial": 1,
  "lineage": "5f39c36c-82c5-9571-e30e-69a0c0e1ad02",
  "outputs": {},
  "resources": [
    {
      "mode": "managed",
      "type": "aws_vpc",
      "name": "Project_terraform",
      "provider": "provider[\"registry.terraform.io/hashicorp/aws\"]",
      "instances": [
        {
          "schema_version": 1,
          "attributes": {
            "arn": "arn:aws:ec2:us-east-1:006338964220:vpc/vpc-06f63fa3d32165a9e",
            "assign_generated_ipv6_cidr_block": false,
            "cidr_block": "10.3.0.0/16",
            "default_network_acl_id": "acl-08b2adbefc5678621",
            "default_route_table_id": "rtb-020a22afa606b579e",
            "default_security_group_id": "sg-05d7bc823886eaf87",
            "dhcp_options_id": "dopt-0a644c61cd9cab831",
            "enable_classiclink": false,
            "enable_classiclink_dns_support": false,
            "enable_dns_hostnames": false,
            "enable_dns_support": true,
            "id": "vpc-06f63fa3d32165a9e",
            "instance_tenancy": "default",
            "ipv4_ipam_pool_id": null,
            "ipv4_netmask_length": null,
            "ipv6_association_id": "",
            "ipv6_cidr_block": "",
            "ipv6_cidr_block_network_border_group": "",
            "ipv6_ipam_pool_id": "",
            "ipv6_netmask_length": 0,
            "main_route_table_id": "rtb-020a22afa606b579e",
            "owner_id": "006338964220",
            "tags": {
              "Name": "Project_terraform_new"
            },
            "tags_all": {
              "Name": "Project_terraform_new"
            }
          },
          "sensitive_attributes": [],
          "private": "eyJzY2hlbWFfdmVyc2lvbiI6IjEifQ=="
        }
      ]
    }
  ]
}
